// !$*UTF8*$!
{
	archiveVersion = 1;
	classes = {
	};
	objectVersion = 48;
	objects = {

/* Begin PBXBuildFile section */
		0009F1E61F024F4B002FEE09 /* Demo2ViewController.m in Sources */ = {isa = PBXBuildFile; fileRef = 0009F1E51F024F4B002FEE09 /* Demo2ViewController.m */; };
		00210ECC1F027AC4005878D8 /* DemoViewController.h in Sources */ = {isa = PBXBuildFile; fileRef = 0009F1E21F024F2E002FEE09 /* DemoViewController.h */; };
		00210ECD1F027AC4005878D8 /* DemoViewController.m in Sources */ = {isa = PBXBuildFile; fileRef = 0009F1E31F024F2E002FEE09 /* DemoViewController.m */; };
		00210ECE1F027AD5005878D8 /* AsyncLabel.h in Sources */ = {isa = PBXBuildFile; fileRef = 0009F1E01F024F2E002FEE09 /* AsyncLabel.h */; };
		00210ECF1F027AD5005878D8 /* AsyncLabel.m in Sources */ = {isa = PBXBuildFile; fileRef = 0009F1E11F024F2E002FEE09 /* AsyncLabel.m */; };
		00210ED01F027AD5005878D8 /* Demo2ViewController.h in Sources */ = {isa = PBXBuildFile; fileRef = 0009F1E41F024F4B002FEE09 /* Demo2ViewController.h */; };
		00E215901F00F17F00667DE8 /* AppDelegate.m in Sources */ = {isa = PBXBuildFile; fileRef = 00E2158F1F00F17F00667DE8 /* AppDelegate.m */; };
		00E215931F00F17F00667DE8 /* ViewController.m in Sources */ = {isa = PBXBuildFile; fileRef = 00E215921F00F17F00667DE8 /* ViewController.m */; };
		00E215961F00F17F00667DE8 /* Main.storyboard in Resources */ = {isa = PBXBuildFile; fileRef = 00E215941F00F17F00667DE8 /* Main.storyboard */; };
		00E215981F00F17F00667DE8 /* Assets.xcassets in Resources */ = {isa = PBXBuildFile; fileRef = 00E215971F00F17F00667DE8 /* Assets.xcassets */; };
		00E2159B1F00F17F00667DE8 /* LaunchScreen.storyboard in Resources */ = {isa = PBXBuildFile; fileRef = 00E215991F00F17F00667DE8 /* LaunchScreen.storyboard */; };
		00E2159E1F00F17F00667DE8 /* main.m in Sources */ = {isa = PBXBuildFile; fileRef = 00E2159D1F00F17F00667DE8 /* main.m */; };
		00E215BA1F01175600667DE8 /* STMAsyncLayer.h in Sources */ = {isa = PBXBuildFile; fileRef = 00E215B41F0116F900667DE8 /* STMAsyncLayer.h */; };
		00E215BB1F01175600667DE8 /* STMAsyncLayer.m in Sources */ = {isa = PBXBuildFile; fileRef = 00E215B51F0116F900667DE8 /* STMAsyncLayer.m */; };
		00E215BC1F01175600667DE8 /* STMFPSLabel.h in Sources */ = {isa = PBXBuildFile; fileRef = 00E215B61F0116F900667DE8 /* STMFPSLabel.h */; };
		00E215BD1F01175600667DE8 /* STMFPSLabel.m in Sources */ = {isa = PBXBuildFile; fileRef = 00E215B71F0116F900667DE8 /* STMFPSLabel.m */; };
		00E215BE1F01175600667DE8 /* STMSentinel.h in Sources */ = {isa = PBXBuildFile; fileRef = 00E215B81F0116F900667DE8 /* STMSentinel.h */; };
		00E215BF1F01175600667DE8 /* STMSentinel.m in Sources */ = {isa = PBXBuildFile; fileRef = 00E215B91F0116F900667DE8 /* STMSentinel.m */; };
/* End PBXBuildFile section */

/* Begin PBXFileReference section */
		0009F1E01F024F2E002FEE09 /* AsyncLabel.h */ = {isa = PBXFileReference; lastKnownFileType = sourcecode.c.h; path = AsyncLabel.h; sourceTree = "<group>"; };
		0009F1E11F024F2E002FEE09 /* AsyncLabel.m */ = {isa = PBXFileReference; lastKnownFileType = sourcecode.c.objc; path = AsyncLabel.m; sourceTree = "<group>"; };
		0009F1E21F024F2E002FEE09 /* DemoViewController.h */ = {isa = PBXFileReference; lastKnownFileType = sourcecode.c.h; path = DemoViewController.h; sourceTree = "<group>"; };
		0009F1E31F024F2E002FEE09 /* DemoViewController.m */ = {isa = PBXFileReference; lastKnownFileType = sourcecode.c.objc; path = DemoViewController.m; sourceTree = "<group>"; };
		0009F1E41F024F4B002FEE09 /* Demo2ViewController.h */ = {isa = PBXFileReference; lastKnownFileType = sourcecode.c.h; path = Demo2ViewController.h; sourceTree = "<group>"; };
		0009F1E51F024F4B002FEE09 /* Demo2ViewController.m */ = {isa = PBXFileReference; lastKnownFileType = sourcecode.c.objc; path = Demo2ViewController.m; sourceTree = "<group>"; };
		00E2158B1F00F17F00667DE8 /* async-display.app */ = {isa = PBXFileReference; explicitFileType = wrapper.application; includeInIndex = 0; path = "async-display.app"; sourceTree = BUILT_PRODUCTS_DIR; };
		00E2158E1F00F17F00667DE8 /* AppDelegate.h */ = {isa = PBXFileReference; lastKnownFileType = sourcecode.c.h; path = AppDelegate.h; sourceTree = "<group>"; };
		00E2158F1F00F17F00667DE8 /* AppDelegate.m */ = {isa = PBXFileReference; lastKnownFileType = sourcecode.c.objc; path = AppDelegate.m; sourceTree = "<group>"; };
		00E215911F00F17F00667DE8 /* ViewController.h */ = {isa = PBXFileReference; lastKnownFileType = sourcecode.c.h; path = ViewController.h; sourceTree = "<group>"; };
		00E215921F00F17F00667DE8 /* ViewController.m */ = {isa = PBXFileReference; lastKnownFileType = sourcecode.c.objc; path = ViewController.m; sourceTree = "<group>"; };
		00E215951F00F17F00667DE8 /* Base */ = {isa = PBXFileReference; lastKnownFileType = file.storyboard; name = Base; path = Base.lproj/Main.storyboard; sourceTree = "<group>"; };
		00E215971F00F17F00667DE8 /* Assets.xcassets */ = {isa = PBXFileReference; lastKnownFileType = folder.assetcatalog; path = Assets.xcassets; sourceTree = "<group>"; };
		00E2159A1F00F17F00667DE8 /* Base */ = {isa = PBXFileReference; lastKnownFileType = file.storyboard; name = Base; path = Base.lproj/LaunchScreen.storyboard; sourceTree = "<group>"; };
		00E2159C1F00F17F00667DE8 /* Info.plist */ = {isa = PBXFileReference; lastKnownFileType = text.plist.xml; path = Info.plist; sourceTree = "<group>"; };
		00E2159D1F00F17F00667DE8 /* main.m */ = {isa = PBXFileReference; lastKnownFileType = sourcecode.c.objc; path = main.m; sourceTree = "<group>"; };
		00E215B41F0116F900667DE8 /* STMAsyncLayer.h */ = {isa = PBXFileReference; lastKnownFileType = sourcecode.c.h; path = STMAsyncLayer.h; sourceTree = "<group>"; };
		00E215B51F0116F900667DE8 /* STMAsyncLayer.m */ = {isa = PBXFileReference; lastKnownFileType = sourcecode.c.objc; path = STMAsyncLayer.m; sourceTree = "<group>"; };
		00E215B61F0116F900667DE8 /* STMFPSLabel.h */ = {isa = PBXFileReference; lastKnownFileType = sourcecode.c.h; path = STMFPSLabel.h; sourceTree = "<group>"; };
		00E215B71F0116F900667DE8 /* STMFPSLabel.m */ = {isa = PBXFileReference; lastKnownFileType = sourcecode.c.objc; path = STMFPSLabel.m; sourceTree = "<group>"; };
		00E215B81F0116F900667DE8 /* STMSentinel.h */ = {isa = PBXFileReference; lastKnownFileType = sourcecode.c.h; path = STMSentinel.h; sourceTree = "<group>"; };
		00E215B91F0116F900667DE8 /* STMSentinel.m */ = {isa = PBXFileReference; lastKnownFileType = sourcecode.c.objc; path = STMSentinel.m; sourceTree = "<group>"; };
/* End PBXFileReference section */

/* Begin PBXFrameworksBuildPhase section */
		00E215881F00F17F00667DE8 /* Frameworks */ = {
			isa = PBXFrameworksBuildPhase;
			buildActionMask = 2147483647;
			files = (
			);
			runOnlyForDeploymentPostprocessing = 0;
		};
/* End PBXFrameworksBuildPhase section */

/* Begin PBXGroup section */
		0009F1DF1F024F2E002FEE09 /* Demo */ = {
			isa = PBXGroup;
			children = (
				0009F1E01F024F2E002FEE09 /* AsyncLabel.h */,
				0009F1E11F024F2E002FEE09 /* AsyncLabel.m */,
				0009F1E21F024F2E002FEE09 /* DemoViewController.h */,
				0009F1E31F024F2E002FEE09 /* DemoViewController.m */,
				0009F1E41F024F4B002FEE09 /* Demo2ViewController.h */,
				0009F1E51F024F4B002FEE09 /* Demo2ViewController.m */,
			);
			path = Demo;
			sourceTree = "<group>";
		};
		00E215821F00F17F00667DE8 = {
			isa = PBXGroup;
			children = (
				00E2158D1F00F17F00667DE8 /* async-display */,
				00E2158C1F00F17F00667DE8 /* Products */,
			);
			sourceTree = "<group>";
		};
		00E2158C1F00F17F00667DE8 /* Products */ = {
			isa = PBXGroup;
			children = (
				00E2158B1F00F17F00667DE8 /* async-display.app */,
			);
			name = Products;
			sourceTree = "<group>";
		};
		00E2158D1F00F17F00667DE8 /* async-display */ = {
			isa = PBXGroup;
			children = (
				00E215B31F0116F900667DE8 /* Source */,
				0009F1DF1F024F2E002FEE09 /* Demo */,
				00E2158E1F00F17F00667DE8 /* AppDelegate.h */,
				00E2158F1F00F17F00667DE8 /* AppDelegate.m */,
				00E215911F00F17F00667DE8 /* ViewController.h */,
				00E215921F00F17F00667DE8 /* ViewController.m */,
				00E215941F00F17F00667DE8 /* Main.storyboard */,
				00E215971F00F17F00667DE8 /* Assets.xcassets */,
				00E215991F00F17F00667DE8 /* LaunchScreen.storyboard */,
				00E2159C1F00F17F00667DE8 /* Info.plist */,
				00E2159D1F00F17F00667DE8 /* main.m */,
			);
			path = "async-display";
			sourceTree = "<group>";
		};
		00E215B31F0116F900667DE8 /* Source */ = {
			isa = PBXGroup;
			children = (
				00E215B41F0116F900667DE8 /* STMAsyncLayer.h */,
				00E215B51F0116F900667DE8 /* STMAsyncLayer.m */,
				00E215B61F0116F900667DE8 /* STMFPSLabel.h */,
				00E215B71F0116F900667DE8 /* STMFPSLabel.m */,
				00E215B81F0116F900667DE8 /* STMSentinel.h */,
				00E215B91F0116F900667DE8 /* STMSentinel.m */,
			);
			path = Source;
			sourceTree = "<group>";
		};
/* End PBXGroup section */

/* Begin PBXNativeTarget section */
		00E2158A1F00F17F00667DE8 /* async-display */ = {
			isa = PBXNativeTarget;
			buildConfigurationList = 00E215A11F00F17F00667DE8 /* Build configuration list for PBXNativeTarget "async-display" */;
			buildPhases = (
				00E215871F00F17F00667DE8 /* Sources */,
				00E215881F00F17F00667DE8 /* Frameworks */,
				00E215891F00F17F00667DE8 /* Resources */,
			);
			buildRules = (
			);
			dependencies = (
			);
			name = "async-display";
			productName = "async-display";
			productReference = 00E2158B1F00F17F00667DE8 /* async-display.app */;
			productType = "com.apple.product-type.application";
		};
/* End PBXNativeTarget section */

/* Begin PBXProject section */
		00E215831F00F17F00667DE8 /* Project object */ = {
			isa = PBXProject;
			attributes = {
				LastUpgradeCheck = 0900;
				ORGANIZATIONNAME = secoo;
				TargetAttributes = {
					00E2158A1F00F17F00667DE8 = {
						CreatedOnToolsVersion = 9.0;
					};
				};
			};
			buildConfigurationList = 00E215861F00F17F00667DE8 /* Build configuration list for PBXProject "async-display" */;
			compatibilityVersion = "Xcode 8.0";
			developmentRegion = en;
			hasScannedForEncodings = 0;
			knownRegions = (
				en,
				Base,
			);
			mainGroup = 00E215821F00F17F00667DE8;
			productRefGroup = 00E2158C1F00F17F00667DE8 /* Products */;
			projectDirPath = "";
			projectRoot = "";
			targets = (
				00E2158A1F00F17F00667DE8 /* async-display */,
			);
		};
/* End PBXProject section */

/* Begin PBXResourcesBuildPhase section */
		00E215891F00F17F00667DE8 /* Resources */ = {
			isa = PBXResourcesBuildPhase;
			buildActionMask = 2147483647;
			files = (
				00E2159B1F00F17F00667DE8 /* LaunchScreen.storyboard in Resources */,
				00E215981F00F17F00667DE8 /* Assets.xcassets in Resources */,
				00E215961F00F17F00667DE8 /* Main.storyboard in Resources */,
			);
			runOnlyForDeploymentPostprocessing = 0;
		};
/* End PBXResourcesBuildPhase section */

/* Begin PBXSourcesBuildPhase section */
		00E215871F00F17F00667DE8 /* Sources */ = {
			isa = PBXSourcesBuildPhase;
			buildActionMask = 2147483647;
			files = (
				00210ECE1F027AD5005878D8 /* AsyncLabel.h in Sources */,
				00210ECF1F027AD5005878D8 /* AsyncLabel.m in Sources */,
				00210ECC1F027AC4005878D8 /* DemoViewController.h in Sources */,
				00210ECD1F027AC4005878D8 /* DemoViewController.m in Sources */,
				00210ED01F027AD5005878D8 /* Demo2ViewController.h in Sources */,
				0009F1E61F024F4B002FEE09 /* Demo2ViewController.m in Sources */,
				00E215BA1F01175600667DE8 /* STMAsyncLayer.h in Sources */,
				00E215BB1F01175600667DE8 /* STMAsyncLayer.m in Sources */,
				00E215BC1F01175600667DE8 /* STMFPSLabel.h in Sources */,
				00E215BD1F01175600667DE8 /* STMFPSLabel.m in Sources */,
				00E215BE1F01175600667DE8 /* STMSentinel.h in Sources */,
				00E215BF1F01175600667DE8 /* STMSentinel.m in Sources */,
				00E215931F00F17F00667DE8 /* ViewController.m in Sources */,
				00E2159E1F00F17F00667DE8 /* main.m in Sources */,
				00E215901F00F17F00667DE8 /* AppDelegate.m in Sources */,
			);
			runOnlyForDeploymentPostprocessing = 0;
		};
/* End PBXSourcesBuildPhase section */

/* Begin PBXVariantGroup section */
		00E215941F00F17F00667DE8 /* Main.storyboard */ = {
			isa = PBXVariantGroup;
			children = (
				00E215951F00F17F00667DE8 /* Base */,
			);
			name = Main.storyboard;
			sourceTree = "<group>";
		};
		00E215991F00F17F00667DE8 /* LaunchScreen.storyboard */ = {
			isa = PBXVariantGroup;
			children = (
				00E2159A1F00F17F00667DE8 /* Base */,
			);
			name = LaunchScreen.storyboard;
			sourceTree = "<group>";
		};
/* End PBXVariantGroup section */

/* Begin XCBuildConfiguration section */
		00E2159F1F00F17F00667DE8 /* Debug */ = {
			isa = XCBuildConfiguration;
			buildSettings = {
				ALWAYS_SEARCH_USER_PATHS = NO;
				CLANG_ANALYZER_NONNULL = YES;
				CLANG_ANALYZER_NUMBER_OBJECT_CONVERSION = YES_AGGRESSIVE;
				CLANG_CXX_LANGUAGE_STANDARD = "gnu++14";
				CLANG_CXX_LIBRARY = "libc++";
				CLANG_ENABLE_MODULES = YES;
				CLANG_ENABLE_OBJC_ARC = YES;
				CLANG_WARN_BLOCK_CAPTURE_AUTORELEASING = YES;
				CLANG_WARN_BOOL_CONVERSION = YES;
				CLANG_WARN_COMMA = YES;
				CLANG_WARN_CONSTANT_CONVERSION = YES;
				CLANG_WARN_DIRECT_OBJC_ISA_USAGE = YES_ERROR;
				CLANG_WARN_DOCUMENTATION_COMMENTS = YES;
				CLANG_WARN_EMPTY_BODY = YES;
				CLANG_WARN_ENUM_CONVERSION = YES;
				CLANG_WARN_INFINITE_RECURSION = YES;
				CLANG_WARN_INT_CONVERSION = YES;
				CLANG_WARN_OBJC_ROOT_CLASS = YES_ERROR;
				CLANG_WARN_RANGE_LOOP_ANALYSIS = YES;
				CLANG_WARN_STRICT_PROTOTYPES = YES;
				CLANG_WARN_SUSPICIOUS_MOVE = YES;
				CLANG_WARN_UNGUARDED_AVAILABILITY = YES_AGGRESSIVE;
				CLANG_WARN_UNREACHABLE_CODE = YES;
				CLANG_WARN__DUPLICATE_METHOD_MATCH = YES;
				CODE_SIGN_IDENTITY = "iPhone Developer";
				COPY_PHASE_STRIP = NO;
				DEBUG_INFORMATION_FORMAT = dwarf;
				ENABLE_STRICT_OBJC_MSGSEND = YES;
				ENABLE_TESTABILITY = YES;
				GCC_C_LANGUAGE_STANDARD = gnu11;
				GCC_DYNAMIC_NO_PIC = NO;
				GCC_NO_COMMON_BLOCKS = YES;
				GCC_OPTIMIZATION_LEVEL = 0;
				GCC_PREPROCESSOR_DEFINITIONS = (
					"DEBUG=1",
					"$(inherited)",
				);
				GCC_WARN_64_TO_32_BIT_CONVERSION = YES;
				GCC_WARN_ABOUT_RETURN_TYPE = YES_ERROR;
				GCC_WARN_UNDECLARED_SELECTOR = YES;
				GCC_WARN_UNINITIALIZED_AUTOS = YES_AGGRESSIVE;
				GCC_WARN_UNUSED_FUNCTION = YES;
				GCC_WARN_UNUSED_VARIABLE = YES;
				IPHONEOS_DEPLOYMENT_TARGET = 11.0;
				MTL_ENABLE_DEBUG_INFO = YES;
				ONLY_ACTIVE_ARCH = YES;
				SDKROOT = iphoneos;
			};
			name = Debug;
		};
		00E215A01F00F17F00667DE8 /* Release */ = {
			isa = XCBuildConfiguration;
			buildSettings = {
				ALWAYS_SEARCH_USER_PATHS = NO;
				CLANG_ANALYZER_NONNULL = YES;
				CLANG_ANALYZER_NUMBER_OBJECT_CONVERSION = YES_AGGRESSIVE;
				CLANG_CXX_LANGUAGE_STANDARD = "gnu++14";
				CLANG_CXX_LIBRARY = "libc++";
				CLANG_ENABLE_MODULES = YES;
				CLANG_ENABLE_OBJC_ARC = YES;
				CLANG_WARN_BLOCK_CAPTURE_AUTORELEASING = YES;
				CLANG_WARN_BOOL_CONVERSION = YES;
				CLANG_WARN_COMMA = YES;
				CLANG_WARN_CONSTANT_CONVERSION = YES;
				CLANG_WARN_DIRECT_OBJC_ISA_USAGE = YES_ERROR;
				CLANG_WARN_DOCUMENTATION_COMMENTS = YES;
				CLANG_WARN_EMPTY_BODY = YES;
				CLANG_WARN_ENUM_CONVERSION = YES;
				CLANG_WARN_INFINITE_RECURSION = YES;
				CLANG_WARN_INT_CONVERSION = YES;
				CLANG_WARN_OBJC_ROOT_CLASS = YES_ERROR;
				CLANG_WARN_RANGE_LOOP_ANALYSIS = YES;
				CLANG_WARN_STRICT_PROTOTYPES = YES;
				CLANG_WARN_SUSPICIOUS_MOVE = YES;
				CLANG_WARN_UNGUARDED_AVAILABILITY = YES_AGGRESSIVE;
				CLANG_WARN_UNREACHABLE_CODE = YES;
				CLANG_WARN__DUPLICATE_METHOD_MATCH = YES;
				CODE_SIGN_IDENTITY = "iPhone Developer";
				COPY_PHASE_STRIP = NO;
				DEBUG_INFORMATION_FORMAT = "dwarf-with-dsym";
				ENABLE_NS_ASSERTIONS = NO;
				ENABLE_STRICT_OBJC_MSGSEND = YES;
				GCC_C_LANGUAGE_STANDARD = gnu11;
				GCC_NO_COMMON_BLOCKS = YES;
				GCC_WARN_64_TO_32_BIT_CONVERSION = YES;
				GCC_WARN_ABOUT_RETURN_TYPE = YES_ERROR;
				GCC_WARN_UNDECLARED_SELECTOR = YES;
				GCC_WARN_UNINITIALIZED_AUTOS = YES_AGGRESSIVE;
				GCC_WARN_UNUSED_FUNCTION = YES;
				GCC_WARN_UNUSED_VARIABLE = YES;
				IPHONEOS_DEPLOYMENT_TARGET = 11.0;
				MTL_ENABLE_DEBUG_INFO = NO;
				SDKROOT = iphoneos;
				VALIDATE_PRODUCT = YES;
			};
			name = Release;
		};
		00E215A21F00F17F00667DE8 /* Debug */ = {
			isa = XCBuildConfiguration;
			buildSettings = {
				ASSETCATALOG_COMPILER_APPICON_NAME = AppIcon;
				DEVELOPMENT_TEAM = K2VBE95LX6;
				INFOPLIST_FILE = "async-display/Info.plist";
				IPHONEOS_DEPLOYMENT_TARGET = 8.0;
				LD_RUNPATH_SEARCH_PATHS = "$(inherited) @executable_path/Frameworks";
				PRODUCT_BUNDLE_IDENTIFIER = "com.secoo.www.async-display";
				PRODUCT_NAME = "$(TARGET_NAME)";
				TARGETED_DEVICE_FAMILY = "1,2";
			};
			name = Debug;
		};
		00E215A31F00F17F00667DE8 /* Release */ = {
			isa = XCBuildConfiguration;
			buildSettings = {
				ASSETCATALOG_COMPILER_APPICON_NAME = AppIcon;
				DEVELOPMENT_TEAM = K2VBE95LX6;
				INFOPLIST_FILE = "async-display/Info.plist";
				IPHONEOS_DEPLOYMENT_TARGET = 8.0;
				LD_RUNPATH_SEARCH_PATHS = "$(inherited) @executable_path/Frameworks";
				PRODUCT_BUNDLE_IDENTIFIER = "com.secoo.www.async-display";
				PRODUCT_NAME = "$(TARGET_NAME)";
				TARGETED_DEVICE_FAMILY = "1,2";
			};
			name = Release;
		};
/* End XCBuildConfiguration section */

/* Begin XCConfigurationList section */
		00E215861F00F17F00667DE8 /* Build configuration list for PBXProject "async-display" */ = {
			isa = XCConfigurationList;
			buildConfigurations = (
				00E2159F1F00F17F00667DE8 /* Debug */,
				00E215A01F00F17F00667DE8 /* Release */,
			);
			defaultConfigurationIsVisible = 0;
			defaultConfigurationName = Release;
		};
		00E215A11F00F17F00667DE8 /* Build configuration list for PBXNativeTarget "async-display" */ = {
			isa = XCConfigurationList;
			buildConfigurations = (
				00E215A21F00F17F00667DE8 /* Debug */,
				00E215A31F00F17F00667DE8 /* Release */,
			);
			defaultConfigurationIsVisible = 0;
			defaultConfigurationName = Release;
		};
/* End XCConfigurationList section */
	};
	rootObject = 00E215831F00F17F00667DE8 /* Project object */;
}
